// !$*UTF8*$!
{
	archiveVersion = 1;
	classes = {
	};
	objectVersion = 48;
	objects = {

/* Begin PBXBuildFile section */
		DCB03CC61FD85329001091BA /* AppDelegate.m in Sources */ = {isa = PBXBuildFile; fileRef = DCB03CC51FD85329001091BA /* AppDelegate.m */; };
		DCB03CCC1FD85329001091BA /* Main.storyboard in Resources */ = {isa = PBXBuildFile; fileRef = DCB03CCA1FD85329001091BA /* Main.storyboard */; };
		DCB03CCE1FD85329001091BA /* Assets.xcassets in Resources */ = {isa = PBXBuildFile; fileRef = DCB03CCD1FD85329001091BA /* Assets.xcassets */; };
		DCB03CD11FD85329001091BA /* LaunchScreen.storyboard in Resources */ = {isa = PBXBuildFile; fileRef = DCB03CCF1FD85329001091BA /* LaunchScreen.storyboard */; };
		DCB03CD41FD85329001091BA /* main.m in Sources */ = {isa = PBXBuildFile; fileRef = DCB03CD31FD85329001091BA /* main.m */; };
		DCB03CDE1FD85329001091BA /* CoffeeShopsTaskAppTests.m in Sources */ = {isa = PBXBuildFile; fileRef = DCB03CDD1FD85329001091BA /* CoffeeShopsTaskAppTests.m */; };
		DCB03CED1FD98E9F001091BA /* SMMainViewController.m in Sources */ = {isa = PBXBuildFile; fileRef = DCB03CEC1FD98E9F001091BA /* SMMainViewController.m */; };
		DCB03CF11FD9956D001091BA /* SMShopsListViewController.m in Sources */ = {isa = PBXBuildFile; fileRef = DCB03CF01FD9956D001091BA /* SMShopsListViewController.m */; };
		DCB03CF41FD99713001091BA /* SMCoffeeShopViewCell.m in Sources */ = {isa = PBXBuildFile; fileRef = DCB03CF31FD99713001091BA /* SMCoffeeShopViewCell.m */; };
		DCB03CF71FD99A04001091BA /* SMDetailsViewController.m in Sources */ = {isa = PBXBuildFile; fileRef = DCB03CF61FD99A04001091BA /* SMDetailsViewController.m */; };
		DCC0B94A1FDB381A00257EE7 /* SMShopsListViewController.m in Sources */ = {isa = PBXBuildFile; fileRef = DCB03CF01FD9956D001091BA /* SMShopsListViewController.m */; };
		DCC0B94B1FDB382100257EE7 /* SMDetailsViewController.m in Sources */ = {isa = PBXBuildFile; fileRef = DCB03CF61FD99A04001091BA /* SMDetailsViewController.m */; };
		DCE4EC451FD9C43A00B2405D /* SMCustomButton.m in Sources */ = {isa = PBXBuildFile; fileRef = DCE4EC441FD9C43A00B2405D /* SMCustomButton.m */; };
		DCE4EC481FD9C7BC00B2405D /* SMReviewsViewCell.m in Sources */ = {isa = PBXBuildFile; fileRef = DCE4EC471FD9C7BC00B2405D /* SMReviewsViewCell.m */; };
		DCE4EC4B1FDAC52300B2405D /* SMServerManager.m in Sources */ = {isa = PBXBuildFile; fileRef = DCE4EC4A1FDAC52300B2405D /* SMServerManager.m */; };
		DCE4EC5B1FDACB5F00B2405D /* AFHTTPSessionManager.m in Sources */ = {isa = PBXBuildFile; fileRef = DCE4EC4F1FDACB5F00B2405D /* AFHTTPSessionManager.m */; };
		DCE4EC5C1FDACB5F00B2405D /* AFNetworkReachabilityManager.m in Sources */ = {isa = PBXBuildFile; fileRef = DCE4EC521FDACB5F00B2405D /* AFNetworkReachabilityManager.m */; };
		DCE4EC5D1FDACB5F00B2405D /* AFSecurityPolicy.m in Sources */ = {isa = PBXBuildFile; fileRef = DCE4EC541FDACB5F00B2405D /* AFSecurityPolicy.m */; };
		DCE4EC5E1FDACB5F00B2405D /* AFURLRequestSerialization.m in Sources */ = {isa = PBXBuildFile; fileRef = DCE4EC561FDACB5F00B2405D /* AFURLRequestSerialization.m */; };
		DCE4EC5F1FDACB5F00B2405D /* AFURLResponseSerialization.m in Sources */ = {isa = PBXBuildFile; fileRef = DCE4EC581FDACB5F00B2405D /* AFURLResponseSerialization.m */; };
		DCE4EC601FDACB5F00B2405D /* AFURLSessionManager.m in Sources */ = {isa = PBXBuildFile; fileRef = DCE4EC5A1FDACB5F00B2405D /* AFURLSessionManager.m */; };
		DCE4EC631FDAD38C00B2405D /* SMCoffeeShopModel.m in Sources */ = {isa = PBXBuildFile; fileRef = DCE4EC621FDAD38C00B2405D /* SMCoffeeShopModel.m */; };
		DCE4EC661FDAEF5900B2405D /* SMCoffeeShopDetailsModel.m in Sources */ = {isa = PBXBuildFile; fileRef = DCE4EC651FDAEF5900B2405D /* SMCoffeeShopDetailsModel.m */; };
		DCE4EC691FDAF10900B2405D /* SMReviewModel.m in Sources */ = {isa = PBXBuildFile; fileRef = DCE4EC681FDAF10900B2405D /* SMReviewModel.m */; };
		DCE4EC6A1FDB1E9D00B2405D /* SMServerManager.m in Sources */ = {isa = PBXBuildFile; fileRef = DCE4EC4A1FDAC52300B2405D /* SMServerManager.m */; };
/* End PBXBuildFile section */

/* Begin PBXContainerItemProxy section */
		DCB03CDA1FD85329001091BA /* PBXContainerItemProxy */ = {
			isa = PBXContainerItemProxy;
			containerPortal = DCB03CB91FD85329001091BA /* Project object */;
			proxyType = 1;
			remoteGlobalIDString = DCB03CC01FD85329001091BA;
			remoteInfo = CoffeeShopsTaskApp;
		};
/* End PBXContainerItemProxy section */

/* Begin PBXFileReference section */
		DCB03CC11FD85329001091BA /* CoffeeShopsTaskApp.app */ = {isa = PBXFileReference; explicitFileType = wrapper.application; includeInIndex = 0; path = CoffeeShopsTaskApp.app; sourceTree = BUILT_PRODUCTS_DIR; };
		DCB03CC41FD85329001091BA /* AppDelegate.h */ = {isa = PBXFileReference; lastKnownFileType = sourcecode.c.h; path = AppDelegate.h; sourceTree = "<group>"; };
		DCB03CC51FD85329001091BA /* AppDelegate.m */ = {isa = PBXFileReference; lastKnownFileType = sourcecode.c.objc; path = AppDelegate.m; sourceTree = "<group>"; };
		DCB03CCB1FD85329001091BA /* Base */ = {isa = PBXFileReference; lastKnownFileType = file.storyboard; name = Base; path = Base.lproj/Main.storyboard; sourceTree = "<group>"; };
		DCB03CCD1FD85329001091BA /* Assets.xcassets */ = {isa = PBXFileReference; lastKnownFileType = folder.assetcatalog; path = Assets.xcassets; sourceTree = "<group>"; };
		DCB03CD01FD85329001091BA /* Base */ = {isa = PBXFileReference; lastKnownFileType = file.storyboard; name = Base; path = Base.lproj/LaunchScreen.storyboard; sourceTree = "<group>"; };
		DCB03CD21FD85329001091BA /* Info.plist */ = {isa = PBXFileReference; lastKnownFileType = text.plist.xml; path = Info.plist; sourceTree = "<group>"; };
		DCB03CD31FD85329001091BA /* main.m */ = {isa = PBXFileReference; lastKnownFileType = sourcecode.c.objc; path = main.m; sourceTree = "<group>"; };
		DCB03CD91FD85329001091BA /* CoffeeShopsTaskAppTests.xctest */ = {isa = PBXFileReference; explicitFileType = wrapper.cfbundle; includeInIndex = 0; path = CoffeeShopsTaskAppTests.xctest; sourceTree = BUILT_PRODUCTS_DIR; };
		DCB03CDD1FD85329001091BA /* CoffeeShopsTaskAppTests.m */ = {isa = PBXFileReference; lastKnownFileType = sourcecode.c.objc; path = CoffeeShopsTaskAppTests.m; sourceTree = "<group>"; };
		DCB03CDF1FD85329001091BA /* Info.plist */ = {isa = PBXFileReference; lastKnownFileType = text.plist.xml; path = Info.plist; sourceTree = "<group>"; };
		DCB03CEB1FD98E9F001091BA /* SMMainViewController.h */ = {isa = PBXFileReference; lastKnownFileType = sourcecode.c.h; path = SMMainViewController.h; sourceTree = "<group>"; };
		DCB03CEC1FD98E9F001091BA /* SMMainViewController.m */ = {isa = PBXFileReference; lastKnownFileType = sourcecode.c.objc; path = SMMainViewController.m; sourceTree = "<group>"; };
		DCB03CEF1FD9956D001091BA /* SMShopsListViewController.h */ = {isa = PBXFileReference; lastKnownFileType = sourcecode.c.h; path = SMShopsListViewController.h; sourceTree = "<group>"; };
		DCB03CF01FD9956D001091BA /* SMShopsListViewController.m */ = {isa = PBXFileReference; lastKnownFileType = sourcecode.c.objc; path = SMShopsListViewController.m; sourceTree = "<group>"; };
		DCB03CF21FD99713001091BA /* SMCoffeeShopViewCell.h */ = {isa = PBXFileReference; lastKnownFileType = sourcecode.c.h; path = SMCoffeeShopViewCell.h; sourceTree = "<group>"; };
		DCB03CF31FD99713001091BA /* SMCoffeeShopViewCell.m */ = {isa = PBXFileReference; lastKnownFileType = sourcecode.c.objc; path = SMCoffeeShopViewCell.m; sourceTree = "<group>"; };
		DCB03CF51FD99A04001091BA /* SMDetailsViewController.h */ = {isa = PBXFileReference; lastKnownFileType = sourcecode.c.h; path = SMDetailsViewController.h; sourceTree = "<group>"; };
		DCB03CF61FD99A04001091BA /* SMDetailsViewController.m */ = {isa = PBXFileReference; lastKnownFileType = sourcecode.c.objc; path = SMDetailsViewController.m; sourceTree = "<group>"; };
		DCE4EC431FD9C43A00B2405D /* SMCustomButton.h */ = {isa = PBXFileReference; lastKnownFileType = sourcecode.c.h; path = SMCustomButton.h; sourceTree = "<group>"; };
		DCE4EC441FD9C43A00B2405D /* SMCustomButton.m */ = {isa = PBXFileReference; lastKnownFileType = sourcecode.c.objc; path = SMCustomButton.m; sourceTree = "<group>"; };
		DCE4EC461FD9C7BC00B2405D /* SMReviewsViewCell.h */ = {isa = PBXFileReference; lastKnownFileType = sourcecode.c.h; path = SMReviewsViewCell.h; sourceTree = "<group>"; };
		DCE4EC471FD9C7BC00B2405D /* SMReviewsViewCell.m */ = {isa = PBXFileReference; lastKnownFileType = sourcecode.c.objc; path = SMReviewsViewCell.m; sourceTree = "<group>"; };
		DCE4EC491FDAC52300B2405D /* SMServerManager.h */ = {isa = PBXFileReference; lastKnownFileType = sourcecode.c.h; path = SMServerManager.h; sourceTree = "<group>"; };
		DCE4EC4A1FDAC52300B2405D /* SMServerManager.m */ = {isa = PBXFileReference; lastKnownFileType = sourcecode.c.objc; path = SMServerManager.m; sourceTree = "<group>"; };
		DCE4EC4E1FDACB5F00B2405D /* AFHTTPSessionManager.h */ = {isa = PBXFileReference; fileEncoding = 4; lastKnownFileType = sourcecode.c.h; path = AFHTTPSessionManager.h; sourceTree = "<group>"; };
		DCE4EC4F1FDACB5F00B2405D /* AFHTTPSessionManager.m */ = {isa = PBXFileReference; fileEncoding = 4; lastKnownFileType = sourcecode.c.objc; path = AFHTTPSessionManager.m; sourceTree = "<group>"; };
		DCE4EC501FDACB5F00B2405D /* AFNetworking.h */ = {isa = PBXFileReference; fileEncoding = 4; lastKnownFileType = sourcecode.c.h; path = AFNetworking.h; sourceTree = "<group>"; };
		DCE4EC511FDACB5F00B2405D /* AFNetworkReachabilityManager.h */ = {isa = PBXFileReference; fileEncoding = 4; lastKnownFileType = sourcecode.c.h; path = AFNetworkReachabilityManager.h; sourceTree = "<group>"; };
		DCE4EC521FDACB5F00B2405D /* AFNetworkReachabilityManager.m */ = {isa = PBXFileReference; fileEncoding = 4; lastKnownFileType = sourcecode.c.objc; path = AFNetworkReachabilityManager.m; sourceTree = "<group>"; };
		DCE4EC531FDACB5F00B2405D /* AFSecurityPolicy.h */ = {isa = PBXFileReference; fileEncoding = 4; lastKnownFileType = sourcecode.c.h; path = AFSecurityPolicy.h; sourceTree = "<group>"; };
		DCE4EC541FDACB5F00B2405D /* AFSecurityPolicy.m */ = {isa = PBXFileReference; fileEncoding = 4; lastKnownFileType = sourcecode.c.objc; path = AFSecurityPolicy.m; sourceTree = "<group>"; };
		DCE4EC551FDACB5F00B2405D /* AFURLRequestSerialization.h */ = {isa = PBXFileReference; fileEncoding = 4; lastKnownFileType = sourcecode.c.h; path = AFURLRequestSerialization.h; sourceTree = "<group>"; };
		DCE4EC561FDACB5F00B2405D /* AFURLRequestSerialization.m */ = {isa = PBXFileReference; fileEncoding = 4; lastKnownFileType = sourcecode.c.objc; path = AFURLRequestSerialization.m; sourceTree = "<group>"; };
		DCE4EC571FDACB5F00B2405D /* AFURLResponseSerialization.h */ = {isa = PBXFileReference; fileEncoding = 4; lastKnownFileType = sourcecode.c.h; path = AFURLResponseSerialization.h; sourceTree = "<group>"; };
		DCE4EC581FDACB5F00B2405D /* AFURLResponseSerialization.m */ = {isa = PBXFileReference; fileEncoding = 4; lastKnownFileType = sourcecode.c.objc; path = AFURLResponseSerialization.m; sourceTree = "<group>"; };
		DCE4EC591FDACB5F00B2405D /* AFURLSessionManager.h */ = {isa = PBXFileReference; fileEncoding = 4; lastKnownFileType = sourcecode.c.h; path = AFURLSessionManager.h; sourceTree = "<group>"; };
		DCE4EC5A1FDACB5F00B2405D /* AFURLSessionManager.m */ = {isa = PBXFileReference; fileEncoding = 4; lastKnownFileType = sourcecode.c.objc; path = AFURLSessionManager.m; sourceTree = "<group>"; };
		DCE4EC611FDAD38C00B2405D /* SMCoffeeShopModel.h */ = {isa = PBXFileReference; lastKnownFileType = sourcecode.c.h; path = SMCoffeeShopModel.h; sourceTree = "<group>"; };
		DCE4EC621FDAD38C00B2405D /* SMCoffeeShopModel.m */ = {isa = PBXFileReference; lastKnownFileType = sourcecode.c.objc; path = SMCoffeeShopModel.m; sourceTree = "<group>"; };
		DCE4EC641FDAEF5900B2405D /* SMCoffeeShopDetailsModel.h */ = {isa = PBXFileReference; lastKnownFileType = sourcecode.c.h; path = SMCoffeeShopDetailsModel.h; sourceTree = "<group>"; };
		DCE4EC651FDAEF5900B2405D /* SMCoffeeShopDetailsModel.m */ = {isa = PBXFileReference; lastKnownFileType = sourcecode.c.objc; path = SMCoffeeShopDetailsModel.m; sourceTree = "<group>"; };
		DCE4EC671FDAF10900B2405D /* SMReviewModel.h */ = {isa = PBXFileReference; lastKnownFileType = sourcecode.c.h; path = SMReviewModel.h; sourceTree = "<group>"; };
		DCE4EC681FDAF10900B2405D /* SMReviewModel.m */ = {isa = PBXFileReference; lastKnownFileType = sourcecode.c.objc; path = SMReviewModel.m; sourceTree = "<group>"; };
/* End PBXFileReference section */

/* Begin PBXFrameworksBuildPhase section */
		DCB03CBE1FD85329001091BA /* Frameworks */ = {
			isa = PBXFrameworksBuildPhase;
			buildActionMask = 2147483647;
			files = (
			);
			runOnlyForDeploymentPostprocessing = 0;
		};
		DCB03CD61FD85329001091BA /* Frameworks */ = {
			isa = PBXFrameworksBuildPhase;
			buildActionMask = 2147483647;
			files = (
			);
			runOnlyForDeploymentPostprocessing = 0;
		};
/* End PBXFrameworksBuildPhase section */

/* Begin PBXGroup section */
		DCB03CB81FD85329001091BA = {
			isa = PBXGroup;
			children = (
				DCB03CC31FD85329001091BA /* CoffeeShopsTaskApp */,
				DCB03CDC1FD85329001091BA /* CoffeeShopsTaskAppTests */,
				DCB03CC21FD85329001091BA /* Products */,
			);
			sourceTree = "<group>";
		};
		DCB03CC21FD85329001091BA /* Products */ = {
			isa = PBXGroup;
			children = (
				DCB03CC11FD85329001091BA /* CoffeeShopsTaskApp.app */,
				DCB03CD91FD85329001091BA /* CoffeeShopsTaskAppTests.xctest */,
			);
			name = Products;
			sourceTree = "<group>";
		};
		DCB03CC31FD85329001091BA /* CoffeeShopsTaskApp */ = {
			isa = PBXGroup;
			children = (
				DCE4EC4C1FDACB5F00B2405D /* Libraries */,
				DCB03CEA1FD98E65001091BA /* Controllers */,
				DCB03CE91FD98E61001091BA /* Views */,
				DCB03CE81FD98E59001091BA /* Models */,
				DCB03CC41FD85329001091BA /* AppDelegate.h */,
				DCB03CC51FD85329001091BA /* AppDelegate.m */,
				DCB03CCA1FD85329001091BA /* Main.storyboard */,
				DCB03CCD1FD85329001091BA /* Assets.xcassets */,
				DCB03CCF1FD85329001091BA /* LaunchScreen.storyboard */,
				DCB03CD21FD85329001091BA /* Info.plist */,
				DCB03CD31FD85329001091BA /* main.m */,
			);
			path = CoffeeShopsTaskApp;
			sourceTree = "<group>";
		};
		DCB03CDC1FD85329001091BA /* CoffeeShopsTaskAppTests */ = {
			isa = PBXGroup;
			children = (
				DCB03CDD1FD85329001091BA /* CoffeeShopsTaskAppTests.m */,
				DCB03CDF1FD85329001091BA /* Info.plist */,
			);
			path = CoffeeShopsTaskAppTests;
			sourceTree = "<group>";
		};
		DCB03CE81FD98E59001091BA /* Models */ = {
			isa = PBXGroup;
			children = (
				DCE4EC491FDAC52300B2405D /* SMServerManager.h */,
				DCE4EC4A1FDAC52300B2405D /* SMServerManager.m */,
				DCE4EC611FDAD38C00B2405D /* SMCoffeeShopModel.h */,
				DCE4EC621FDAD38C00B2405D /* SMCoffeeShopModel.m */,
				DCE4EC641FDAEF5900B2405D /* SMCoffeeShopDetailsModel.h */,
				DCE4EC651FDAEF5900B2405D /* SMCoffeeShopDetailsModel.m */,
				DCE4EC671FDAF10900B2405D /* SMReviewModel.h */,
				DCE4EC681FDAF10900B2405D /* SMReviewModel.m */,
			);
			path = Models;
			sourceTree = "<group>";
		};
		DCB03CE91FD98E61001091BA /* Views */ = {
			isa = PBXGroup;
			children = (
				DCB03CF21FD99713001091BA /* SMCoffeeShopViewCell.h */,
				DCB03CF31FD99713001091BA /* SMCoffeeShopViewCell.m */,
				DCE4EC431FD9C43A00B2405D /* SMCustomButton.h */,
				DCE4EC441FD9C43A00B2405D /* SMCustomButton.m */,
				DCE4EC461FD9C7BC00B2405D /* SMReviewsViewCell.h */,
				DCE4EC471FD9C7BC00B2405D /* SMReviewsViewCell.m */,
			);
			path = Views;
			sourceTree = "<group>";
		};
		DCB03CEA1FD98E65001091BA /* Controllers */ = {
			isa = PBXGroup;
			children = (
				DCB03CEB1FD98E9F001091BA /* SMMainViewController.h */,
				DCB03CEC1FD98E9F001091BA /* SMMainViewController.m */,
				DCB03CEF1FD9956D001091BA /* SMShopsListViewController.h */,
				DCB03CF01FD9956D001091BA /* SMShopsListViewController.m */,
				DCB03CF51FD99A04001091BA /* SMDetailsViewController.h */,
				DCB03CF61FD99A04001091BA /* SMDetailsViewController.m */,
			);
			path = Controllers;
			sourceTree = "<group>";
		};
		DCE4EC4C1FDACB5F00B2405D /* Libraries */ = {
			isa = PBXGroup;
			children = (
				DCE4EC4D1FDACB5F00B2405D /* AFNetworking */,
			);
			path = Libraries;
			sourceTree = "<group>";
		};
		DCE4EC4D1FDACB5F00B2405D /* AFNetworking */ = {
			isa = PBXGroup;
			children = (
				DCE4EC4E1FDACB5F00B2405D /* AFHTTPSessionManager.h */,
				DCE4EC4F1FDACB5F00B2405D /* AFHTTPSessionManager.m */,
				DCE4EC501FDACB5F00B2405D /* AFNetworking.h */,
				DCE4EC511FDACB5F00B2405D /* AFNetworkReachabilityManager.h */,
				DCE4EC521FDACB5F00B2405D /* AFNetworkReachabilityManager.m */,
				DCE4EC531FDACB5F00B2405D /* AFSecurityPolicy.h */,
				DCE4EC541FDACB5F00B2405D /* AFSecurityPolicy.m */,
				DCE4EC551FDACB5F00B2405D /* AFURLRequestSerialization.h */,
				DCE4EC561FDACB5F00B2405D /* AFURLRequestSerialization.m */,
				DCE4EC571FDACB5F00B2405D /* AFURLResponseSerialization.h */,
				DCE4EC581FDACB5F00B2405D /* AFURLResponseSerialization.m */,
				DCE4EC591FDACB5F00B2405D /* AFURLSessionManager.h */,
				DCE4EC5A1FDACB5F00B2405D /* AFURLSessionManager.m */,
			);
			path = AFNetworking;
			sourceTree = "<group>";
		};
/* End PBXGroup section */

/* Begin PBXNativeTarget section */
		DCB03CC01FD85329001091BA /* CoffeeShopsTaskApp */ = {
			isa = PBXNativeTarget;
			buildConfigurationList = DCB03CE21FD85329001091BA /* Build configuration list for PBXNativeTarget "CoffeeShopsTaskApp" */;
			buildPhases = (
				DCB03CBD1FD85329001091BA /* Sources */,
				DCB03CBE1FD85329001091BA /* Frameworks */,
				DCB03CBF1FD85329001091BA /* Resources */,
			);
			buildRules = (
			);
			dependencies = (
			);
			name = CoffeeShopsTaskApp;
			productName = CoffeeShopsTaskApp;
			productReference = DCB03CC11FD85329001091BA /* CoffeeShopsTaskApp.app */;
			productType = "com.apple.product-type.application";
		};
		DCB03CD81FD85329001091BA /* CoffeeShopsTaskAppTests */ = {
			isa = PBXNativeTarget;
			buildConfigurationList = DCB03CE51FD85329001091BA /* Build configuration list for PBXNativeTarget "CoffeeShopsTaskAppTests" */;
			buildPhases = (
				DCB03CD51FD85329001091BA /* Sources */,
				DCB03CD61FD85329001091BA /* Frameworks */,
				DCB03CD71FD85329001091BA /* Resources */,
			);
			buildRules = (
			);
			dependencies = (
				DCB03CDB1FD85329001091BA /* PBXTargetDependency */,
			);
			name = CoffeeShopsTaskAppTests;
			productName = CoffeeShopsTaskAppTests;
			productReference = DCB03CD91FD85329001091BA /* CoffeeShopsTaskAppTests.xctest */;
			productType = "com.apple.product-type.bundle.unit-test";
		};
/* End PBXNativeTarget section */

/* Begin PBXProject section */
		DCB03CB91FD85329001091BA /* Project object */ = {
			isa = PBXProject;
			attributes = {
				LastUpgradeCheck = 0910;
				ORGANIZATIONNAME = Syngmaster;
				TargetAttributes = {
					DCB03CC01FD85329001091BA = {
						CreatedOnToolsVersion = 9.1;
						ProvisioningStyle = Automatic;
					};
					DCB03CD81FD85329001091BA = {
						CreatedOnToolsVersion = 9.1;
						ProvisioningStyle = Automatic;
						TestTargetID = DCB03CC01FD85329001091BA;
					};
				};
			};
			buildConfigurationList = DCB03CBC1FD85329001091BA /* Build configuration list for PBXProject "CoffeeShopsTaskApp" */;
			compatibilityVersion = "Xcode 8.0";
			developmentRegion = en;
			hasScannedForEncodings = 0;
			knownRegions = (
				en,
				Base,
			);
			mainGroup = DCB03CB81FD85329001091BA;
			productRefGroup = DCB03CC21FD85329001091BA /* Products */;
			projectDirPath = "";
			projectRoot = "";
			targets = (
				DCB03CC01FD85329001091BA /* CoffeeShopsTaskApp */,
				DCB03CD81FD85329001091BA /* CoffeeShopsTaskAppTests */,
			);
		};
/* End PBXProject section */

/* Begin PBXResourcesBuildPhase section */
		DCB03CBF1FD85329001091BA /* Resources */ = {
			isa = PBXResourcesBuildPhase;
			buildActionMask = 2147483647;
			files = (
				DCB03CD11FD85329001091BA /* LaunchScreen.storyboard in Resources */,
				DCB03CCE1FD85329001091BA /* Assets.xcassets in Resources */,
				DCB03CCC1FD85329001091BA /* Main.storyboard in Resources */,
			);
			runOnlyForDeploymentPostprocessing = 0;
		};
		DCB03CD71FD85329001091BA /* Resources */ = {
			isa = PBXResourcesBuildPhase;
			buildActionMask = 2147483647;
			files = (
			);
			runOnlyForDeploymentPostprocessing = 0;
		};
/* End PBXResourcesBuildPhase section */

/* Begin PBXSourcesBuildPhase section */
		DCB03CBD1FD85329001091BA /* Sources */ = {
			isa = PBXSourcesBuildPhase;
			buildActionMask = 2147483647;
			files = (
				DCE4EC601FDACB5F00B2405D /* AFURLSessionManager.m in Sources */,
				DCE4EC631FDAD38C00B2405D /* SMCoffeeShopModel.m in Sources */,
				DCB03CED1FD98E9F001091BA /* SMMainViewController.m in Sources */,
				DCB03CF71FD99A04001091BA /* SMDetailsViewController.m in Sources */,
				DCB03CF41FD99713001091BA /* SMCoffeeShopViewCell.m in Sources */,
				DCB03CD41FD85329001091BA /* main.m in Sources */,
				DCE4EC5D1FDACB5F00B2405D /* AFSecurityPolicy.m in Sources */,
				DCE4EC691FDAF10900B2405D /* SMReviewModel.m in Sources */,
				DCB03CF11FD9956D001091BA /* SMShopsListViewController.m in Sources */,
				DCE4EC5E1FDACB5F00B2405D /* AFURLRequestSerialization.m in Sources */,
				DCE4EC451FD9C43A00B2405D /* SMCustomButton.m in Sources */,
				DCE4EC481FD9C7BC00B2405D /* SMReviewsViewCell.m in Sources */,
				DCE4EC5B1FDACB5F00B2405D /* AFHTTPSessionManager.m in Sources */,
				DCE4EC661FDAEF5900B2405D /* SMCoffeeShopDetailsModel.m in Sources */,
				DCB03CC61FD85329001091BA /* AppDelegate.m in Sources */,
				DCE4EC5C1FDACB5F00B2405D /* AFNetworkReachabilityManager.m in Sources */,
				DCE4EC5F1FDACB5F00B2405D /* AFURLResponseSerialization.m in Sources */,
				DCE4EC4B1FDAC52300B2405D /* SMServerManager.m in Sources */,
			);
			runOnlyForDeploymentPostprocessing = 0;
		};
		DCB03CD51FD85329001091BA /* Sources */ = {
			isa = PBXSourcesBuildPhase;
			buildActionMask = 2147483647;
			files = (
				DCE4EC6A1FDB1E9D00B2405D /* SMServerManager.m in Sources */,
				DCC0B94B1FDB382100257EE7 /* SMDetailsViewController.m in Sources */,
				DCB03CDE1FD85329001091BA /* CoffeeShopsTaskAppTests.m in Sources */,
				DCC0B94A1FDB381A00257EE7 /* SMShopsListViewController.m in Sources */,
			);
			runOnlyForDeploymentPostprocessing = 0;
		};
/* End PBXSourcesBuildPhase section */

/* Begin PBXTargetDependency section */
		DCB03CDB1FD85329001091BA /* PBXTargetDependency */ = {
			isa = PBXTargetDependency;
			target = DCB03CC01FD85329001091BA /* CoffeeShopsTaskApp */;
			targetProxy = DCB03CDA1FD85329001091BA /* PBXContainerItemProxy */;
		};
/* End PBXTargetDependency section */

/* Begin PBXVariantGroup section */
		DCB03CCA1FD85329001091BA /* Main.storyboard */ = {
			isa = PBXVariantGroup;
			children = (
				DCB03CCB1FD85329001091BA /* Base */,
			);
			name = Main.storyboard;
			sourceTree = "<group>";
		};
		DCB03CCF1FD85329001091BA /* LaunchScreen.storyboard */ = {
			isa = PBXVariantGroup;
			children = (
				DCB03CD01FD85329001091BA /* Base */,
			);
			name = LaunchScreen.storyboard;
			sourceTree = "<group>";
		};
/* End PBXVariantGroup section */

/* Begin XCBuildConfiguration section */
		DCB03CE01FD85329001091BA /* Debug */ = {
			isa = XCBuildConfiguration;
			buildSettings = {
				ALWAYS_SEARCH_USER_PATHS = NO;
				CLANG_ANALYZER_NONNULL = YES;
				CLANG_ANALYZER_NUMBER_OBJECT_CONVERSION = YES_AGGRESSIVE;
				CLANG_CXX_LANGUAGE_STANDARD = "gnu++14";
				CLANG_CXX_LIBRARY = "libc++";
				CLANG_ENABLE_MODULES = YES;
				CLANG_ENABLE_OBJC_ARC = YES;
				CLANG_WARN_BLOCK_CAPTURE_AUTORELEASING = YES;
				CLANG_WARN_BOOL_CONVERSION = YES;
				CLANG_WARN_COMMA = YES;
				CLANG_WARN_CONSTANT_CONVERSION = YES;
				CLANG_WARN_DIRECT_OBJC_ISA_USAGE = YES_ERROR;
				CLANG_WARN_DOCUMENTATION_COMMENTS = YES;
				CLANG_WARN_EMPTY_BODY = YES;
				CLANG_WARN_ENUM_CONVERSION = YES;
				CLANG_WARN_INFINITE_RECURSION = YES;
				CLANG_WARN_INT_CONVERSION = YES;
				CLANG_WARN_NON_LITERAL_NULL_CONVERSION = YES;
				CLANG_WARN_OBJC_LITERAL_CONVERSION = YES;
				CLANG_WARN_OBJC_ROOT_CLASS = YES_ERROR;
				CLANG_WARN_RANGE_LOOP_ANALYSIS = YES;
				CLANG_WARN_STRICT_PROTOTYPES = YES;
				CLANG_WARN_SUSPICIOUS_MOVE = YES;
				CLANG_WARN_UNGUARDED_AVAILABILITY = YES_AGGRESSIVE;
				CLANG_WARN_UNREACHABLE_CODE = YES;
				CLANG_WARN__DUPLICATE_METHOD_MATCH = YES;
				CODE_SIGN_IDENTITY = "iPhone Developer";
				COPY_PHASE_STRIP = NO;
				DEBUG_INFORMATION_FORMAT = dwarf;
				ENABLE_STRICT_OBJC_MSGSEND = YES;
				ENABLE_TESTABILITY = YES;
				GCC_C_LANGUAGE_STANDARD = gnu11;
				GCC_DYNAMIC_NO_PIC = NO;
				GCC_NO_COMMON_BLOCKS = YES;
				GCC_OPTIMIZATION_LEVEL = 0;
				GCC_PREPROCESSOR_DEFINITIONS = (
					"DEBUG=1",
					"$(inherited)",
				);
				GCC_WARN_64_TO_32_BIT_CONVERSION = YES;
				GCC_WARN_ABOUT_RETURN_TYPE = YES_ERROR;
				GCC_WARN_UNDECLARED_SELECTOR = YES;
				GCC_WARN_UNINITIALIZED_AUTOS = YES_AGGRESSIVE;
				GCC_WARN_UNUSED_FUNCTION = YES;
				GCC_WARN_UNUSED_VARIABLE = YES;
				IPHONEOS_DEPLOYMENT_TARGET = 11.1;
				MTL_ENABLE_DEBUG_INFO = YES;
				ONLY_ACTIVE_ARCH = YES;
				SDKROOT = iphoneos;
			};
			name = Debug;
		};
		DCB03CE11FD85329001091BA /* Release */ = {
			isa = XCBuildConfiguration;
			buildSettings = {
				ALWAYS_SEARCH_USER_PATHS = NO;
				CLANG_ANALYZER_NONNULL = YES;
				CLANG_ANALYZER_NUMBER_OBJECT_CONVERSION = YES_AGGRESSIVE;
				CLANG_CXX_LANGUAGE_STANDARD = "gnu++14";
				CLANG_CXX_LIBRARY = "libc++";
				CLANG_ENABLE_MODULES = YES;
				CLANG_ENABLE_OBJC_ARC = YES;
				CLANG_WARN_BLOCK_CAPTURE_AUTORELEASING = YES;
				CLANG_WARN_BOOL_CONVERSION = YES;
				CLANG_WARN_COMMA = YES;
				CLANG_WARN_CONSTANT_CONVERSION = YES;
				CLANG_WARN_DIRECT_OBJC_ISA_USAGE = YES_ERROR;
				CLANG_WARN_DOCUMENTATION_COMMENTS = YES;
				CLANG_WARN_EMPTY_BODY = YES;
				CLANG_WARN_ENUM_CONVERSION = YES;
				CLANG_WARN_INFINITE_RECURSION = YES;
				CLANG_WARN_INT_CONVERSION = YES;
				CLANG_WARN_NON_LITERAL_NULL_CONVERSION = YES;
				CLANG_WARN_OBJC_LITERAL_CONVERSION = YES;
				CLANG_WARN_OBJC_ROOT_CLASS = YES_ERROR;
				CLANG_WARN_RANGE_LOOP_ANALYSIS = YES;
				CLANG_WARN_STRICT_PROTOTYPES = YES;
				CLANG_WARN_SUSPICIOUS_MOVE = YES;
				CLANG_WARN_UNGUARDED_AVAILABILITY = YES_AGGRESSIVE;
				CLANG_WARN_UNREACHABLE_CODE = YES;
				CLANG_WARN__DUPLICATE_METHOD_MATCH = YES;
				CODE_SIGN_IDENTITY = "iPhone Developer";
				COPY_PHASE_STRIP = NO;
				DEBUG_INFORMATION_FORMAT = "dwarf-with-dsym";
				ENABLE_NS_ASSERTIONS = NO;
				ENABLE_STRICT_OBJC_MSGSEND = YES;
				GCC_C_LANGUAGE_STANDARD = gnu11;
				GCC_NO_COMMON_BLOCKS = YES;
				GCC_WARN_64_TO_32_BIT_CONVERSION = YES;
				GCC_WARN_ABOUT_RETURN_TYPE = YES_ERROR;
				GCC_WARN_UNDECLARED_SELECTOR = YES;
				GCC_WARN_UNINITIALIZED_AUTOS = YES_AGGRESSIVE;
				GCC_WARN_UNUSED_FUNCTION = YES;
				GCC_WARN_UNUSED_VARIABLE = YES;
				IPHONEOS_DEPLOYMENT_TARGET = 11.1;
				MTL_ENABLE_DEBUG_INFO = NO;
				SDKROOT = iphoneos;
				VALIDATE_PRODUCT = YES;
			};
			name = Release;
		};
		DCB03CE31FD85329001091BA /* Debug */ = {
			isa = XCBuildConfiguration;
			buildSettings = {
				ASSETCATALOG_COMPILER_APPICON_NAME = AppIcon;
				CODE_SIGN_STYLE = Automatic;
				DEVELOPMENT_TEAM = RLMXU9393M;
				INFOPLIST_FILE = CoffeeShopsTaskApp/Info.plist;
				LD_RUNPATH_SEARCH_PATHS = "$(inherited) @executable_path/Frameworks";
				PRODUCT_BUNDLE_IDENTIFIER = ios.CoffeeShopsTaskApp;
				PRODUCT_NAME = "$(TARGET_NAME)";
				TARGETED_DEVICE_FAMILY = "1,2";
			};
			name = Debug;
		};
		DCB03CE41FD85329001091BA /* Release */ = {
			isa = XCBuildConfiguration;
			buildSettings = {
				ASSETCATALOG_COMPILER_APPICON_NAME = AppIcon;
				CODE_SIGN_STYLE = Automatic;
				DEVELOPMENT_TEAM = RLMXU9393M;
				INFOPLIST_FILE = CoffeeShopsTaskApp/Info.plist;
				LD_RUNPATH_SEARCH_PATHS = "$(inherited) @executable_path/Frameworks";
				PRODUCT_BUNDLE_IDENTIFIER = ios.CoffeeShopsTaskApp;
				PRODUCT_NAME = "$(TARGET_NAME)";
				TARGETED_DEVICE_FAMILY = "1,2";
			};
			name = Release;
		};
		DCB03CE61FD85329001091BA /* Debug */ = {
			isa = XCBuildConfiguration;
			buildSettings = {
				BUNDLE_LOADER = "$(TEST_HOST)";
				CODE_SIGN_STYLE = Automatic;
				DEVELOPMENT_TEAM = RLMXU9393M;
				INFOPLIST_FILE = CoffeeShopsTaskAppTests/Info.plist;
				LD_RUNPATH_SEARCH_PATHS = "$(inherited) @executable_path/Frameworks @loader_path/Frameworks";
				PRODUCT_BUNDLE_IDENTIFIER = ios.CoffeeShopsTaskAppTests;
				PRODUCT_NAME = "$(TARGET_NAME)";
				TARGETED_DEVICE_FAMILY = "1,2";
				TEST_HOST = "$(BUILT_PRODUCTS_DIR)/CoffeeShopsTaskApp.app/CoffeeShopsTaskApp";
			};
			name = Debug;
		};
		DCB03CE71FD85329001091BA /* Release */ = {
			isa = XCBuildConfiguration;
			buildSettings = {
				BUNDLE_LOADER = "$(TEST_HOST)";
				CODE_SIGN_STYLE = Automatic;
				DEVELOPMENT_TEAM = RLMXU9393M;
				INFOPLIST_FILE = CoffeeShopsTaskAppTests/Info.plist;
				LD_RUNPATH_SEARCH_PATHS = "$(inherited) @executable_path/Frameworks @loader_path/Frameworks";
				PRODUCT_BUNDLE_IDENTIFIER = ios.CoffeeShopsTaskAppTests;
				PRODUCT_NAME = "$(TARGET_NAME)";
				TARGETED_DEVICE_FAMILY = "1,2";
				TEST_HOST = "$(BUILT_PRODUCTS_DIR)/CoffeeShopsTaskApp.app/CoffeeShopsTaskApp";
			};
			name = Release;
		};
/* End XCBuildConfiguration section */

/* Begin XCConfigurationList section */
		DCB03CBC1FD85329001091BA /* Build configuration list for PBXProject "CoffeeShopsTaskApp" */ = {
			isa = XCConfigurationList;
			buildConfigurations = (
				DCB03CE01FD85329001091BA /* Debug */,
				DCB03CE11FD85329001091BA /* Release */,
			);
			defaultConfigurationIsVisible = 0;
			defaultConfigurationName = Release;
		};
		DCB03CE21FD85329001091BA /* Build configuration list for PBXNativeTarget "CoffeeShopsTaskApp" */ = {
			isa = XCConfigurationList;
			buildConfigurations = (
				DCB03CE31FD85329001091BA /* Debug */,
				DCB03CE41FD85329001091BA /* Release */,
			);
			defaultConfigurationIsVisible = 0;
			defaultConfigurationName = Release;
		};
		DCB03CE51FD85329001091BA /* Build configuration list for PBXNativeTarget "CoffeeShopsTaskAppTests" */ = {
			isa = XCConfigurationList;
			buildConfigurations = (
				DCB03CE61FD85329001091BA /* Debug */,
				DCB03CE71FD85329001091BA /* Release */,
			);
			defaultConfigurationIsVisible = 0;
			defaultConfigurationName = Release;
		};
/* End XCConfigurationList section */
	};
	rootObject = DCB03CB91FD85329001091BA /* Project object */;
}
